
Microsoft Visual Studio Solution File, Format Version 12.00
# Visual Studio Version 16
VisualStudioVersion = 16.0.32106.194
MinimumVisualStudioVersion = 10.0.40219.1
Project("{2150E333-8FDC-42A3-9474-1A3956D46DE8}") = "src", "src", "{B05E4375-89AF-4103-B9D9-F279B502EBB4}"
EndProject
Project("{2150E333-8FDC-42A3-9474-1A3956D46DE8}") = "Solucation Items", "Solucation Items", "{50992F43-029F-40F4-B276-C65848AF4A18}"
	ProjectSection(SolutionItems) = preProject
		TextFile1.txt = TextFile1.txt
	EndProjectSection
EndProject
Project("{2150E333-8FDC-42A3-9474-1A3956D46DE8}") = "ApiGateways", "ApiGateways", "{5679EB63-D6CE-4E52-B6C4-9F0895517799}"
EndProject
Project("{2150E333-8FDC-42A3-9474-1A3956D46DE8}") = "Services", "Services", "{2F93612B-A9AD-46B4-B875-AF56DC963140}"
EndProject
Project("{2150E333-8FDC-42A3-9474-1A3956D46DE8}") = "WebApiGateway", "WebApiGateway", "{CCBC1FDC-F592-45B8-B723-C60F3B331C20}"
EndProject
Project("{2150E333-8FDC-42A3-9474-1A3956D46DE8}") = "Directory", "Directory", "{2B5E38DA-97C8-4B8D-B9E2-50B57603A20C}"
EndProject
Project("{9A19103F-16F7-4668-BE54-9A1E7A4F7556}") = "Directory.Bussiness", "src\Services\Directory\Directory.Bussiness\Directory.Bussiness.csproj", "{F387D7AB-3CD1-46C4-8E18-F4E209D44FF2}"
EndProject
Project("{9A19103F-16F7-4668-BE54-9A1E7A4F7556}") = "Directory.DataAccess", "src\Services\Directory\Directory.DataAccess\Directory.DataAccess.csproj", "{06105E1D-7F22-4203-8564-96AC5A3EF567}"
EndProject
Project("{9A19103F-16F7-4668-BE54-9A1E7A4F7556}") = "Directory.Entities", "src\Services\Directory\Directory.Entities\Directory.Entities.csproj", "{7D5FCBDE-CBB2-4887-AD84-63F9EDEFC020}"
EndProject
Project("{9A19103F-16F7-4668-BE54-9A1E7A4F7556}") = "Directory.WebApi", "src\Services\Directory\Directory.WebApi\Directory.WebApi.csproj", "{AC996296-7AAF-4A7B-9294-F7387BAE185C}"
EndProject
Project("{2150E333-8FDC-42A3-9474-1A3956D46DE8}") = "Test", "Test", "{C813BC72-DED5-4B1D-987B-47A55B63BF9B}"
EndProject
Project("{2150E333-8FDC-42A3-9474-1A3956D46DE8}") = "Services", "Services", "{AC26B69F-B84F-4600-8B9A-B483898C2532}"
EndProject
Project("{2150E333-8FDC-42A3-9474-1A3956D46DE8}") = "Directory", "Directory", "{86FCE92C-B63D-4603-A0F7-4328526AF5D0}"
EndProject
Project("{9A19103F-16F7-4668-BE54-9A1E7A4F7556}") = "Directory.Test", "Test\Services\Directory\Directory.Test\Directory.Test.csproj", "{68427FE3-DCD2-4242-B93C-7D88CF2AA186}"
EndProject
Project("{2150E333-8FDC-42A3-9474-1A3956D46DE8}") = "Report", "Report", "{5234ADB0-E464-46C2-B487-8C197B443B8A}"
EndProject
Project("{9A19103F-16F7-4668-BE54-9A1E7A4F7556}") = "Report.WebApi", "src\Services\Report\Report.WebApi\Report.WebApi.csproj", "{412069CC-E672-4F63-A912-16CBDC6FA4AC}"
EndProject
Project("{9A19103F-16F7-4668-BE54-9A1E7A4F7556}") = "Gateway", "src\ApiGateway\WebApiGateway\Gateway\Gateway.csproj", "{A1E1F017-1FCC-440D-89CB-4BDE0CC1C0A2}"
EndProject
Project("{9A19103F-16F7-4668-BE54-9A1E7A4F7556}") = "Report.SharedMessage", "src\Services\Report\Report.SharedMessage\Report.SharedMessage.csproj", "{806321D5-054C-449E-875C-6BAB63B068B0}"
EndProject
Project("{9A19103F-16F7-4668-BE54-9A1E7A4F7556}") = "ReportBackgroundService", "src\Services\Report\BackgroundService\ReportBackgroundService.csproj", "{29D7A005-8438-4AEF-A995-BED093842193}"
EndProject
Project("{9A19103F-16F7-4668-BE54-9A1E7A4F7556}") = "ExcelToCreate", "src\Services\Report\ExcelToCreate\ExcelToCreate.csproj", "{2AED4DEA-4870-486A-AD4E-D74330591B53}"
EndProject
Project("{FAE04EC0-301F-11D3-BF4B-00C04F79EFBC}") = "Report.Test", "Test\Services\Report.Test\Report.Test.csproj", "{8DEF692F-5684-4163-863E-A3692D14301B}"
EndProject
Global
	GlobalSection(SolutionConfigurationPlatforms) = preSolution
		Debug|Any CPU = Debug|Any CPU
		Release|Any CPU = Release|Any CPU
	EndGlobalSection
	GlobalSection(ProjectConfigurationPlatforms) = postSolution
		{F387D7AB-3CD1-46C4-8E18-F4E209D44FF2}.Debug|Any CPU.ActiveCfg = Debug|Any CPU
		{F387D7AB-3CD1-46C4-8E18-F4E209D44FF2}.Debug|Any CPU.Build.0 = Debug|Any CPU
		{F387D7AB-3CD1-46C4-8E18-F4E209D44FF2}.Release|Any CPU.ActiveCfg = Release|Any CPU
		{F387D7AB-3CD1-46C4-8E18-F4E209D44FF2}.Release|Any CPU.Build.0 = Release|Any CPU
		{06105E1D-7F22-4203-8564-96AC5A3EF567}.Debug|Any CPU.ActiveCfg = Debug|Any CPU
		{06105E1D-7F22-4203-8564-96AC5A3EF567}.Debug|Any CPU.Build.0 = Debug|Any CPU
		{06105E1D-7F22-4203-8564-96AC5A3EF567}.Release|Any CPU.ActiveCfg = Release|Any CPU
		{06105E1D-7F22-4203-8564-96AC5A3EF567}.Release|Any CPU.Build.0 = Release|Any CPU
		{7D5FCBDE-CBB2-4887-AD84-63F9EDEFC020}.Debug|Any CPU.ActiveCfg = Debug|Any CPU
		{7D5FCBDE-CBB2-4887-AD84-63F9EDEFC020}.Debug|Any CPU.Build.0 = Debug|Any CPU
		{7D5FCBDE-CBB2-4887-AD84-63F9EDEFC020}.Release|Any CPU.ActiveCfg = Release|Any CPU
		{7D5FCBDE-CBB2-4887-AD84-63F9EDEFC020}.Release|Any CPU.Build.0 = Release|Any CPU
		{AC996296-7AAF-4A7B-9294-F7387BAE185C}.Debug|Any CPU.ActiveCfg = Debug|Any CPU
		{AC996296-7AAF-4A7B-9294-F7387BAE185C}.Debug|Any CPU.Build.0 = Debug|Any CPU
		{AC996296-7AAF-4A7B-9294-F7387BAE185C}.Release|Any CPU.ActiveCfg = Release|Any CPU
		{AC996296-7AAF-4A7B-9294-F7387BAE185C}.Release|Any CPU.Build.0 = Release|Any CPU
		{68427FE3-DCD2-4242-B93C-7D88CF2AA186}.Debug|Any CPU.ActiveCfg = Debug|Any CPU
		{68427FE3-DCD2-4242-B93C-7D88CF2AA186}.Debug|Any CPU.Build.0 = Debug|Any CPU
		{68427FE3-DCD2-4242-B93C-7D88CF2AA186}.Release|Any CPU.ActiveCfg = Release|Any CPU
		{68427FE3-DCD2-4242-B93C-7D88CF2AA186}.Release|Any CPU.Build.0 = Release|Any CPU
		{412069CC-E672-4F63-A912-16CBDC6FA4AC}.Debug|Any CPU.ActiveCfg = Debug|Any CPU
		{412069CC-E672-4F63-A912-16CBDC6FA4AC}.Debug|Any CPU.Build.0 = Debug|Any CPU
		{412069CC-E672-4F63-A912-16CBDC6FA4AC}.Release|Any CPU.ActiveCfg = Release|Any CPU
		{412069CC-E672-4F63-A912-16CBDC6FA4AC}.Release|Any CPU.Build.0 = Release|Any CPU
		{A1E1F017-1FCC-440D-89CB-4BDE0CC1C0A2}.Debug|Any CPU.ActiveCfg = Debug|Any CPU
		{A1E1F017-1FCC-440D-89CB-4BDE0CC1C0A2}.Debug|Any CPU.Build.0 = Debug|Any CPU
		{A1E1F017-1FCC-440D-89CB-4BDE0CC1C0A2}.Release|Any CPU.ActiveCfg = Release|Any CPU
		{A1E1F017-1FCC-440D-89CB-4BDE0CC1C0A2}.Release|Any CPU.Build.0 = Release|Any CPU
		{806321D5-054C-449E-875C-6BAB63B068B0}.Debug|Any CPU.ActiveCfg = Debug|Any CPU
		{806321D5-054C-449E-875C-6BAB63B068B0}.Debug|Any CPU.Build.0 = Debug|Any CPU
		{806321D5-054C-449E-875C-6BAB63B068B0}.Release|Any CPU.ActiveCfg = Release|Any CPU
		{806321D5-054C-449E-875C-6BAB63B068B0}.Release|Any CPU.Build.0 = Release|Any CPU
		{29D7A005-8438-4AEF-A995-BED093842193}.Debug|Any CPU.ActiveCfg = Debug|Any CPU
		{29D7A005-8438-4AEF-A995-BED093842193}.Debug|Any CPU.Build.0 = Debug|Any CPU
		{29D7A005-8438-4AEF-A995-BED093842193}.Release|Any CPU.ActiveCfg = Release|Any CPU
		{29D7A005-8438-4AEF-A995-BED093842193}.Release|Any CPU.Build.0 = Release|Any CPU
		{2AED4DEA-4870-486A-AD4E-D74330591B53}.Debug|Any CPU.ActiveCfg = Debug|Any CPU
		{2AED4DEA-4870-486A-AD4E-D74330591B53}.Debug|Any CPU.Build.0 = Debug|Any CPU
		{2AED4DEA-4870-486A-AD4E-D74330591B53}.Release|Any CPU.ActiveCfg = Release|Any CPU
		{2AED4DEA-4870-486A-AD4E-D74330591B53}.Release|Any CPU.Build.0 = Release|Any CPU
		{8DEF692F-5684-4163-863E-A3692D14301B}.Debug|Any CPU.ActiveCfg = Debug|Any CPU
		{8DEF692F-5684-4163-863E-A3692D14301B}.Debug|Any CPU.Build.0 = Debug|Any CPU
		{8DEF692F-5684-4163-863E-A3692D14301B}.Release|Any CPU.ActiveCfg = Release|Any CPU
		{8DEF692F-5684-4163-863E-A3692D14301B}.Release|Any CPU.Build.0 = Release|Any CPU
	EndGlobalSection
	GlobalSection(SolutionProperties) = preSolution
		HideSolutionNode = FALSE
	EndGlobalSection
	GlobalSection(NestedProjects) = preSolution
		{5679EB63-D6CE-4E52-B6C4-9F0895517799} = {B05E4375-89AF-4103-B9D9-F279B502EBB4}
		{2F93612B-A9AD-46B4-B875-AF56DC963140} = {B05E4375-89AF-4103-B9D9-F279B502EBB4}
		{CCBC1FDC-F592-45B8-B723-C60F3B331C20} = {5679EB63-D6CE-4E52-B6C4-9F0895517799}
		{2B5E38DA-97C8-4B8D-B9E2-50B57603A20C} = {2F93612B-A9AD-46B4-B875-AF56DC963140}
		{F387D7AB-3CD1-46C4-8E18-F4E209D44FF2} = {2B5E38DA-97C8-4B8D-B9E2-50B57603A20C}
		{06105E1D-7F22-4203-8564-96AC5A3EF567} = {2B5E38DA-97C8-4B8D-B9E2-50B57603A20C}
		{7D5FCBDE-CBB2-4887-AD84-63F9EDEFC020} = {2B5E38DA-97C8-4B8D-B9E2-50B57603A20C}
		{AC996296-7AAF-4A7B-9294-F7387BAE185C} = {2B5E38DA-97C8-4B8D-B9E2-50B57603A20C}
		{AC26B69F-B84F-4600-8B9A-B483898C2532} = {C813BC72-DED5-4B1D-987B-47A55B63BF9B}
		{86FCE92C-B63D-4603-A0F7-4328526AF5D0} = {AC26B69F-B84F-4600-8B9A-B483898C2532}
		{68427FE3-DCD2-4242-B93C-7D88CF2AA186} = {86FCE92C-B63D-4603-A0F7-4328526AF5D0}
		{5234ADB0-E464-46C2-B487-8C197B443B8A} = {2F93612B-A9AD-46B4-B875-AF56DC963140}
		{412069CC-E672-4F63-A912-16CBDC6FA4AC} = {5234ADB0-E464-46C2-B487-8C197B443B8A}
		{A1E1F017-1FCC-440D-89CB-4BDE0CC1C0A2} = {CCBC1FDC-F592-45B8-B723-C60F3B331C20}
		{806321D5-054C-449E-875C-6BAB63B068B0} = {5234ADB0-E464-46C2-B487-8C197B443B8A}
		{29D7A005-8438-4AEF-A995-BED093842193} = {5234ADB0-E464-46C2-B487-8C197B443B8A}
		{2AED4DEA-4870-486A-AD4E-D74330591B53} = {5234ADB0-E464-46C2-B487-8C197B443B8A}
		{8DEF692F-5684-4163-863E-A3692D14301B} = {86FCE92C-B63D-4603-A0F7-4328526AF5D0}
	EndGlobalSection
	GlobalSection(ExtensibilityGlobals) = postSolution
		SolutionGuid = {6F468B66-E17F-40DE-A225-A2B5EA7F3DB2}
	EndGlobalSection
EndGlobal
